// !$*UTF8*$!
{
	archiveVersion = 1;
	classes = {
	};
	objectVersion = 48;
	objects = {

/* Begin PBXBuildFile section */
		A082648F1F94EE5700F4B05D /* AppDelegate.swift in Sources */ = {isa = PBXBuildFile; fileRef = A082648E1F94EE5700F4B05D /* AppDelegate.swift */; };
		A08264911F94EE5700F4B05D /* ViewController.swift in Sources */ = {isa = PBXBuildFile; fileRef = A08264901F94EE5700F4B05D /* ViewController.swift */; };
		A08264941F94EE5700F4B05D /* Main.storyboard in Resources */ = {isa = PBXBuildFile; fileRef = A08264921F94EE5700F4B05D /* Main.storyboard */; };
		A08264961F94EE5700F4B05D /* Assets.xcassets in Resources */ = {isa = PBXBuildFile; fileRef = A08264951F94EE5700F4B05D /* Assets.xcassets */; };
		A08264991F94EE5700F4B05D /* LaunchScreen.storyboard in Resources */ = {isa = PBXBuildFile; fileRef = A08264971F94EE5700F4B05D /* LaunchScreen.storyboard */; };
		A08264A41F94EE5700F4B05D /* CalculatorTests.swift in Sources */ = {isa = PBXBuildFile; fileRef = A08264A31F94EE5700F4B05D /* CalculatorTests.swift */; };
		A08264AF1F94EE5700F4B05D /* CalculatorUITests.swift in Sources */ = {isa = PBXBuildFile; fileRef = A08264AE1F94EE5700F4B05D /* CalculatorUITests.swift */; };
/* End PBXBuildFile section */

/* Begin PBXContainerItemProxy section */
		A08264A01F94EE5700F4B05D /* PBXContainerItemProxy */ = {
			isa = PBXContainerItemProxy;
			containerPortal = A08264831F94EE5700F4B05D /* Project object */;
			proxyType = 1;
			remoteGlobalIDString = A082648A1F94EE5700F4B05D;
			remoteInfo = Calculator;
		};
		A08264AB1F94EE5700F4B05D /* PBXContainerItemProxy */ = {
			isa = PBXContainerItemProxy;
			containerPortal = A08264831F94EE5700F4B05D /* Project object */;
			proxyType = 1;
			remoteGlobalIDString = A082648A1F94EE5700F4B05D;
			remoteInfo = Calculator;
		};
/* End PBXContainerItemProxy section */

/* Begin PBXFileReference section */
		282534741FC741FB00405B02 /* Icon-App-57x57@2x.png */ = {isa = PBXFileReference; lastKnownFileType = image.png; name = "Icon-App-57x57@2x.png"; path = "Assets.xcassets/AppIcon.appiconset/Icon-App-57x57@2x.png"; sourceTree = "<group>"; };
		A082648B1F94EE5700F4B05D /* Calculator.app */ = {isa = PBXFileReference; explicitFileType = wrapper.application; includeInIndex = 0; path = Calculator.app; sourceTree = BUILT_PRODUCTS_DIR; };
		A082648E1F94EE5700F4B05D /* AppDelegate.swift */ = {isa = PBXFileReference; lastKnownFileType = sourcecode.swift; path = AppDelegate.swift; sourceTree = "<group>"; };
		A08264901F94EE5700F4B05D /* ViewController.swift */ = {isa = PBXFileReference; lastKnownFileType = sourcecode.swift; path = ViewController.swift; sourceTree = "<group>"; };
		A08264931F94EE5700F4B05D /* Base */ = {isa = PBXFileReference; lastKnownFileType = file.storyboard; name = Base; path = Base.lproj/Main.storyboard; sourceTree = "<group>"; };
		A08264951F94EE5700F4B05D /* Assets.xcassets */ = {isa = PBXFileReference; lastKnownFileType = folder.assetcatalog; path = Assets.xcassets; sourceTree = "<group>"; };
		A08264981F94EE5700F4B05D /* Base */ = {isa = PBXFileReference; lastKnownFileType = file.storyboard; name = Base; path = Base.lproj/LaunchScreen.storyboard; sourceTree = "<group>"; };
		A082649A1F94EE5700F4B05D /* Info.plist */ = {isa = PBXFileReference; lastKnownFileType = text.plist.xml; path = Info.plist; sourceTree = "<group>"; };
		A082649F1F94EE5700F4B05D /* CalculatorTests.xctest */ = {isa = PBXFileReference; explicitFileType = wrapper.cfbundle; includeInIndex = 0; path = CalculatorTests.xctest; sourceTree = BUILT_PRODUCTS_DIR; };
		A08264A31F94EE5700F4B05D /* CalculatorTests.swift */ = {isa = PBXFileReference; lastKnownFileType = sourcecode.swift; path = CalculatorTests.swift; sourceTree = "<group>"; };
		A08264A51F94EE5700F4B05D /* Info.plist */ = {isa = PBXFileReference; lastKnownFileType = text.plist.xml; path = Info.plist; sourceTree = "<group>"; };
		A08264AA1F94EE5700F4B05D /* CalculatorUITests.xctest */ = {isa = PBXFileReference; explicitFileType = wrapper.cfbundle; includeInIndex = 0; path = CalculatorUITests.xctest; sourceTree = BUILT_PRODUCTS_DIR; };
		A08264AE1F94EE5700F4B05D /* CalculatorUITests.swift */ = {isa = PBXFileReference; lastKnownFileType = sourcecode.swift; path = CalculatorUITests.swift; sourceTree = "<group>"; };
		A08264B01F94EE5700F4B05D /* Info.plist */ = {isa = PBXFileReference; lastKnownFileType = text.plist.xml; path = Info.plist; sourceTree = "<group>"; };
/* End PBXFileReference section */

/* Begin PBXFrameworksBuildPhase section */
		A08264881F94EE5700F4B05D /* Frameworks */ = {
			isa = PBXFrameworksBuildPhase;
			buildActionMask = 2147483647;
			files = (
			);
			runOnlyForDeploymentPostprocessing = 0;
		};
		A082649C1F94EE5700F4B05D /* Frameworks */ = {
			isa = PBXFrameworksBuildPhase;
			buildActionMask = 2147483647;
			files = (
			);
			runOnlyForDeploymentPostprocessing = 0;
		};
		A08264A71F94EE5700F4B05D /* Frameworks */ = {
			isa = PBXFrameworksBuildPhase;
			buildActionMask = 2147483647;
			files = (
			);
			runOnlyForDeploymentPostprocessing = 0;
		};
/* End PBXFrameworksBuildPhase section */

/* Begin PBXGroup section */
		A08264821F94EE5700F4B05D = {
			isa = PBXGroup;
			children = (
				A082648D1F94EE5700F4B05D /* Calculator */,
				A08264A21F94EE5700F4B05D /* CalculatorTests */,
				A08264AD1F94EE5700F4B05D /* CalculatorUITests */,
				A082648C1F94EE5700F4B05D /* Products */,
			);
			sourceTree = "<group>";
		};
		A082648C1F94EE5700F4B05D /* Products */ = {
			isa = PBXGroup;
			children = (
				A082648B1F94EE5700F4B05D /* Calculator.app */,
				A082649F1F94EE5700F4B05D /* CalculatorTests.xctest */,
				A08264AA1F94EE5700F4B05D /* CalculatorUITests.xctest */,
			);
			name = Products;
			sourceTree = "<group>";
		};
		A082648D1F94EE5700F4B05D /* Calculator */ = {
			isa = PBXGroup;
			children = (
				282534741FC741FB00405B02 /* Icon-App-57x57@2x.png */,
				A082648E1F94EE5700F4B05D /* AppDelegate.swift */,
				A08264901F94EE5700F4B05D /* ViewController.swift */,
				A08264921F94EE5700F4B05D /* Main.storyboard */,
				A08264951F94EE5700F4B05D /* Assets.xcassets */,
				A08264971F94EE5700F4B05D /* LaunchScreen.storyboard */,
				A082649A1F94EE5700F4B05D /* Info.plist */,
			);
			path = Calculator;
			sourceTree = "<group>";
		};
		A08264A21F94EE5700F4B05D /* CalculatorTests */ = {
			isa = PBXGroup;
			children = (
				A08264A31F94EE5700F4B05D /* CalculatorTests.swift */,
				A08264A51F94EE5700F4B05D /* Info.plist */,
			);
			path = CalculatorTests;
			sourceTree = "<group>";
		};
		A08264AD1F94EE5700F4B05D /* CalculatorUITests */ = {
			isa = PBXGroup;
			children = (
				A08264AE1F94EE5700F4B05D /* CalculatorUITests.swift */,
				A08264B01F94EE5700F4B05D /* Info.plist */,
			);
			path = CalculatorUITests;
			sourceTree = "<group>";
		};
/* End PBXGroup section */

/* Begin PBXNativeTarget section */
		A082648A1F94EE5700F4B05D /* Calculator */ = {
			isa = PBXNativeTarget;
			buildConfigurationList = A08264B31F94EE5700F4B05D /* Build configuration list for PBXNativeTarget "Calculator" */;
			buildPhases = (
				A08264871F94EE5700F4B05D /* Sources */,
				A08264881F94EE5700F4B05D /* Frameworks */,
				A08264891F94EE5700F4B05D /* Resources */,
			);
			buildRules = (
			);
			dependencies = (
			);
			name = Calculator;
			productName = Calculator;
			productReference = A082648B1F94EE5700F4B05D /* Calculator.app */;
			productType = "com.apple.product-type.application";
		};
		A082649E1F94EE5700F4B05D /* CalculatorTests */ = {
			isa = PBXNativeTarget;
			buildConfigurationList = A08264B61F94EE5700F4B05D /* Build configuration list for PBXNativeTarget "CalculatorTests" */;
			buildPhases = (
				A082649B1F94EE5700F4B05D /* Sources */,
				A082649C1F94EE5700F4B05D /* Frameworks */,
				A082649D1F94EE5700F4B05D /* Resources */,
			);
			buildRules = (
			);
			dependencies = (
				A08264A11F94EE5700F4B05D /* PBXTargetDependency */,
			);
			name = CalculatorTests;
			productName = CalculatorTests;
			productReference = A082649F1F94EE5700F4B05D /* CalculatorTests.xctest */;
			productType = "com.apple.product-type.bundle.unit-test";
		};
		A08264A91F94EE5700F4B05D /* CalculatorUITests */ = {
			isa = PBXNativeTarget;
			buildConfigurationList = A08264B91F94EE5700F4B05D /* Build configuration list for PBXNativeTarget "CalculatorUITests" */;
			buildPhases = (
				A08264A61F94EE5700F4B05D /* Sources */,
				A08264A71F94EE5700F4B05D /* Frameworks */,
				A08264A81F94EE5700F4B05D /* Resources */,
			);
			buildRules = (
			);
			dependencies = (
				A08264AC1F94EE5700F4B05D /* PBXTargetDependency */,
			);
			name = CalculatorUITests;
			productName = CalculatorUITests;
			productReference = A08264AA1F94EE5700F4B05D /* CalculatorUITests.xctest */;
			productType = "com.apple.product-type.bundle.ui-testing";
		};
/* End PBXNativeTarget section */

/* Begin PBXProject section */
		A08264831F94EE5700F4B05D /* Project object */ = {
			isa = PBXProject;
			attributes = {
				LastSwiftUpdateCheck = 0900;
				LastUpgradeCheck = 0900;
				ORGANIZATIONNAME = "mac os";
				TargetAttributes = {
					A082648A1F94EE5700F4B05D = {
						CreatedOnToolsVersion = 9.0;
						ProvisioningStyle = Automatic;
					};
					A082649E1F94EE5700F4B05D = {
						CreatedOnToolsVersion = 9.0;
						ProvisioningStyle = Automatic;
						TestTargetID = A082648A1F94EE5700F4B05D;
					};
					A08264A91F94EE5700F4B05D = {
						CreatedOnToolsVersion = 9.0;
						ProvisioningStyle = Automatic;
						TestTargetID = A082648A1F94EE5700F4B05D;
					};
				};
			};
			buildConfigurationList = A08264861F94EE5700F4B05D /* Build configuration list for PBXProject "Calculator" */;
			compatibilityVersion = "Xcode 8.0";
			developmentRegion = en;
			hasScannedForEncodings = 0;
			knownRegions = (
				en,
				Base,
			);
			mainGroup = A08264821F94EE5700F4B05D;
			productRefGroup = A082648C1F94EE5700F4B05D /* Products */;
			projectDirPath = "";
			projectRoot = "";
			targets = (
				A082648A1F94EE5700F4B05D /* Calculator */,
				A082649E1F94EE5700F4B05D /* CalculatorTests */,
				A08264A91F94EE5700F4B05D /* CalculatorUITests */,
			);
		};
/* End PBXProject section */

/* Begin PBXResourcesBuildPhase section */
		A08264891F94EE5700F4B05D /* Resources */ = {
			isa = PBXResourcesBuildPhase;
			buildActionMask = 2147483647;
			files = (
				A08264991F94EE5700F4B05D /* LaunchScreen.storyboard in Resources */,
				A08264961F94EE5700F4B05D /* Assets.xcassets in Resources */,
				A08264941F94EE5700F4B05D /* Main.storyboard in Resources */,
			);
			runOnlyForDeploymentPostprocessing = 0;
		};
		A082649D1F94EE5700F4B05D /* Resources */ = {
			isa = PBXResourcesBuildPhase;
			buildActionMask = 2147483647;
			files = (
			);
			runOnlyForDeploymentPostprocessing = 0;
		};
		A08264A81F94EE5700F4B05D /* Resources */ = {
			isa = PBXResourcesBuildPhase;
			buildActionMask = 2147483647;
			files = (
			);
			runOnlyForDeploymentPostprocessing = 0;
		};
/* End PBXResourcesBuildPhase section */

/* Begin PBXSourcesBuildPhase section */
		A08264871F94EE5700F4B05D /* Sources */ = {
			isa = PBXSourcesBuildPhase;
			buildActionMask = 2147483647;
			files = (
				A08264911F94EE5700F4B05D /* ViewController.swift in Sources */,
				A082648F1F94EE5700F4B05D /* AppDelegate.swift in Sources */,
			);
			runOnlyForDeploymentPostprocessing = 0;
		};
		A082649B1F94EE5700F4B05D /* Sources */ = {
			isa = PBXSourcesBuildPhase;
			buildActionMask = 2147483647;
			files = (
				A08264A41F94EE5700F4B05D /* CalculatorTests.swift in Sources */,
			);
			runOnlyForDeploymentPostprocessing = 0;
		};
		A08264A61F94EE5700F4B05D /* Sources */ = {
			isa = PBXSourcesBuildPhase;
			buildActionMask = 2147483647;
			files = (
				A08264AF1F94EE5700F4B05D /* CalculatorUITests.swift in Sources */,
			);
			runOnlyForDeploymentPostprocessing = 0;
		};
/* End PBXSourcesBuildPhase section */

/* Begin PBXTargetDependency section */
		A08264A11F94EE5700F4B05D /* PBXTargetDependency */ = {
			isa = PBXTargetDependency;
			target = A082648A1F94EE5700F4B05D /* Calculator */;
			targetProxy = A08264A01F94EE5700F4B05D /* PBXContainerItemProxy */;
		};
		A08264AC1F94EE5700F4B05D /* PBXTargetDependency */ = {
			isa = PBXTargetDependency;
			target = A082648A1F94EE5700F4B05D /* Calculator */;
			targetProxy = A08264AB1F94EE5700F4B05D /* PBXContainerItemProxy */;
		};
/* End PBXTargetDependency section */

/* Begin PBXVariantGroup section */
		A08264921F94EE5700F4B05D /* Main.storyboard */ = {
			isa = PBXVariantGroup;
			children = (
				A08264931F94EE5700F4B05D /* Base */,
			);
			name = Main.storyboard;
			sourceTree = "<group>";
		};
		A08264971F94EE5700F4B05D /* LaunchScreen.storyboard */ = {
			isa = PBXVariantGroup;
			children = (
				A08264981F94EE5700F4B05D /* Base */,
			);
			name = LaunchScreen.storyboard;
			sourceTree = "<group>";
		};
/* End PBXVariantGroup section */

/* Begin XCBuildConfiguration section */
		A08264B11F94EE5700F4B05D /* Debug */ = {
			isa = XCBuildConfiguration;
			buildSettings = {
				ALWAYS_SEARCH_USER_PATHS = NO;
				CLANG_ANALYZER_NONNULL = YES;
				CLANG_ANALYZER_NUMBER_OBJECT_CONVERSION = YES_AGGRESSIVE;
				CLANG_CXX_LANGUAGE_STANDARD = "gnu++14";
				CLANG_CXX_LIBRARY = "libc++";
				CLANG_ENABLE_MODULES = YES;
				CLANG_ENABLE_OBJC_ARC = YES;
				CLANG_WARN_BLOCK_CAPTURE_AUTORELEASING = YES;
				CLANG_WARN_BOOL_CONVERSION = YES;
				CLANG_WARN_COMMA = YES;
				CLANG_WARN_CONSTANT_CONVERSION = YES;
				CLANG_WARN_DIRECT_OBJC_ISA_USAGE = YES_ERROR;
				CLANG_WARN_DOCUMENTATION_COMMENTS = YES;
				CLANG_WARN_EMPTY_BODY = YES;
				CLANG_WARN_ENUM_CONVERSION = YES;
				CLANG_WARN_INFINITE_RECURSION = YES;
				CLANG_WARN_INT_CONVERSION = YES;
				CLANG_WARN_NON_LITERAL_NULL_CONVERSION = YES;
				CLANG_WARN_OBJC_LITERAL_CONVERSION = YES;
				CLANG_WARN_OBJC_ROOT_CLASS = YES_ERROR;
				CLANG_WARN_RANGE_LOOP_ANALYSIS = YES;
				CLANG_WARN_STRICT_PROTOTYPES = YES;
				CLANG_WARN_SUSPICIOUS_MOVE = YES;
				CLANG_WARN_UNGUARDED_AVAILABILITY = YES_AGGRESSIVE;
				CLANG_WARN_UNREACHABLE_CODE = YES;
				CLANG_WARN__DUPLICATE_METHOD_MATCH = YES;
				CODE_SIGN_IDENTITY = "iPhone Developer";
				COPY_PHASE_STRIP = NO;
				DEBUG_INFORMATION_FORMAT = dwarf;
				ENABLE_STRICT_OBJC_MSGSEND = YES;
				ENABLE_TESTABILITY = YES;
				GCC_C_LANGUAGE_STANDARD = gnu11;
				GCC_DYNAMIC_NO_PIC = NO;
				GCC_NO_COMMON_BLOCKS = YES;
				GCC_OPTIMIZATION_LEVEL = 0;
				GCC_PREPROCESSOR_DEFINITIONS = (
					"DEBUG=1",
					"$(inherited)",
				);
				GCC_WARN_64_TO_32_BIT_CONVERSION = YES;
				GCC_WARN_ABOUT_RETURN_TYPE = YES_ERROR;
				GCC_WARN_UNDECLARED_SELECTOR = YES;
				GCC_WARN_UNINITIALIZED_AUTOS = YES_AGGRESSIVE;
				GCC_WARN_UNUSED_FUNCTION = YES;
				GCC_WARN_UNUSED_VARIABLE = YES;
				IPHONEOS_DEPLOYMENT_TARGET = 11.0;
				MTL_ENABLE_DEBUG_INFO = YES;
				ONLY_ACTIVE_ARCH = YES;
				SDKROOT = iphoneos;
				SWIFT_ACTIVE_COMPILATION_CONDITIONS = DEBUG;
				SWIFT_OPTIMIZATION_LEVEL = "-Onone";
			};
			name = Debug;
		};
		A08264B21F94EE5700F4B05D /* Release */ = {
			isa = XCBuildConfiguration;
			buildSettings = {
				ALWAYS_SEARCH_USER_PATHS = NO;
				CLANG_ANALYZER_NONNULL = YES;
				CLANG_ANALYZER_NUMBER_OBJECT_CONVERSION = YES_AGGRESSIVE;
				CLANG_CXX_LANGUAGE_STANDARD = "gnu++14";
				CLANG_CXX_LIBRARY = "libc++";
				CLANG_ENABLE_MODULES = YES;
				CLANG_ENABLE_OBJC_ARC = YES;
				CLANG_WARN_BLOCK_CAPTURE_AUTORELEASING = YES;
				CLANG_WARN_BOOL_CONVERSION = YES;
				CLANG_WARN_COMMA = YES;
				CLANG_WARN_CONSTANT_CONVERSION = YES;
				CLANG_WARN_DIRECT_OBJC_ISA_USAGE = YES_ERROR;
				CLANG_WARN_DOCUMENTATION_COMMENTS = YES;
				CLANG_WARN_EMPTY_BODY = YES;
				CLANG_WARN_ENUM_CONVERSION = YES;
				CLANG_WARN_INFINITE_RECURSION = YES;
				CLANG_WARN_INT_CONVERSION = YES;
				CLANG_WARN_NON_LITERAL_NULL_CONVERSION = YES;
				CLANG_WARN_OBJC_LITERAL_CONVERSION = YES;
				CLANG_WARN_OBJC_ROOT_CLASS = YES_ERROR;
				CLANG_WARN_RANGE_LOOP_ANALYSIS = YES;
				CLANG_WARN_STRICT_PROTOTYPES = YES;
				CLANG_WARN_SUSPICIOUS_MOVE = YES;
				CLANG_WARN_UNGUARDED_AVAILABILITY = YES_AGGRESSIVE;
				CLANG_WARN_UNREACHABLE_CODE = YES;
				CLANG_WARN__DUPLICATE_METHOD_MATCH = YES;
				CODE_SIGN_IDENTITY = "iPhone Developer";
				COPY_PHASE_STRIP = NO;
				DEBUG_INFORMATION_FORMAT = "dwarf-with-dsym";
				ENABLE_NS_ASSERTIONS = NO;
				ENABLE_STRICT_OBJC_MSGSEND = YES;
				GCC_C_LANGUAGE_STANDARD = gnu11;
				GCC_NO_COMMON_BLOCKS = YES;
				GCC_WARN_64_TO_32_BIT_CONVERSION = YES;
				GCC_WARN_ABOUT_RETURN_TYPE = YES_ERROR;
				GCC_WARN_UNDECLARED_SELECTOR = YES;
				GCC_WARN_UNINITIALIZED_AUTOS = YES_AGGRESSIVE;
				GCC_WARN_UNUSED_FUNCTION = YES;
				GCC_WARN_UNUSED_VARIABLE = YES;
				IPHONEOS_DEPLOYMENT_TARGET = 11.0;
				MTL_ENABLE_DEBUG_INFO = NO;
				SDKROOT = iphoneos;
				SWIFT_OPTIMIZATION_LEVEL = "-Owholemodule";
				VALIDATE_PRODUCT = YES;
			};
			name = Release;
		};
		A08264B41F94EE5700F4B05D /* Debug */ = {
			isa = XCBuildConfiguration;
			buildSettings = {
				ASSETCATALOG_COMPILER_APPICON_NAME = AppIcon;
				CODE_SIGN_STYLE = Automatic;
				INFOPLIST_FILE = Calculator/Info.plist;
				LD_RUNPATH_SEARCH_PATHS = "$(inherited) @executable_path/Frameworks";
				PRODUCT_BUNDLE_IDENTIFIER = com.riorpl.Calculator;
				PRODUCT_NAME = "$(TARGET_NAME)";
				SWIFT_VERSION = 4.0;
				TARGETED_DEVICE_FAMILY = "1,2";
			};
			name = Debug;
		};
		A08264B51F94EE5700F4B05D /* Release */ = {
			isa = XCBuildConfiguration;
			buildSettings = {
				ASSETCATALOG_COMPILER_APPICON_NAME = AppIcon;
				CODE_SIGN_STYLE = Automatic;
				INFOPLIST_FILE = Calculator/Info.plist;
				LD_RUNPATH_SEARCH_PATHS = "$(inherited) @executable_path/Frameworks";
				PRODUCT_BUNDLE_IDENTIFIER = com.riorpl.Calculator;
				PRODUCT_NAME = "$(TARGET_NAME)";
				SWIFT_VERSION = 4.0;
				TARGETED_DEVICE_FAMILY = "1,2";
			};
			name = Release;
		};
		A08264B71F94EE5700F4B05D /* Debug */ = {
			isa = XCBuildConfiguration;
			buildSettings = {
				ALWAYS_EMBED_SWIFT_STANDARD_LIBRARIES = YES;
				BUNDLE_LOADER = "$(TEST_HOST)";
				CODE_SIGN_STYLE = Automatic;
				INFOPLIST_FILE = CalculatorTests/Info.plist;
				LD_RUNPATH_SEARCH_PATHS = "$(inherited) @executable_path/Frameworks @loader_path/Frameworks";
				PRODUCT_BUNDLE_IDENTIFIER = com.riorpl.CalculatorTests;
				PRODUCT_NAME = "$(TARGET_NAME)";
				SWIFT_VERSION = 4.0;
				TARGETED_DEVICE_FAMILY = "1,2";
				TEST_HOST = "$(BUILT_PRODUCTS_DIR)/Calculator.app/Calculator";
			};
			name = Debug;
		};
		A08264B81F94EE5700F4B05D /* Release */ = {
			isa = XCBuildConfiguration;
			buildSettings = {
				ALWAYS_EMBED_SWIFT_STANDARD_LIBRARIES = YES;
				BUNDLE_LOADER = "$(TEST_HOST)";
				CODE_SIGN_STYLE = Automatic;
				INFOPLIST_FILE = CalculatorTests/Info.plist;
				LD_RUNPATH_SEARCH_PATHS = "$(inherited) @executable_path/Frameworks @loader_path/Frameworks";
				PRODUCT_BUNDLE_IDENTIFIER = com.riorpl.CalculatorTests;
				PRODUCT_NAME = "$(TARGET_NAME)";
				SWIFT_VERSION = 4.0;
				TARGETED_DEVICE_FAMILY = "1,2";
				TEST_HOST = "$(BUILT_PRODUCTS_DIR)/Calculator.app/Calculator";
			};
			name = Release;
		};
		A08264BA1F94EE5700F4B05D /* Debug */ = {
			isa = XCBuildConfiguration;
			buildSettings = {
				ALWAYS_EMBED_SWIFT_STANDARD_LIBRARIES = YES;
				CODE_SIGN_STYLE = Automatic;
				INFOPLIST_FILE = CalculatorUITests/Info.plist;
				LD_RUNPATH_SEARCH_PATHS = "$(inherited) @executable_path/Frameworks @loader_path/Frameworks";
				PRODUCT_BUNDLE_IDENTIFIER = com.riorpl.CalculatorUITests;
				PRODUCT_NAME = "$(TARGET_NAME)";
				SWIFT_VERSION = 4.0;
				TARGETED_DEVICE_FAMILY = "1,2";
				TEST_TARGET_NAME = Calculator;
			};
			name = Debug;
		};
		A08264BB1F94EE5700F4B05D /* Release */ = {
			isa = XCBuildConfiguration;
			buildSettings = {
				ALWAYS_EMBED_SWIFT_STANDARD_LIBRARIES = YES;
				CODE_SIGN_STYLE = Automatic;
				INFOPLIST_FILE = CalculatorUITests/Info.plist;
				LD_RUNPATH_SEARCH_PATHS = "$(inherited) @executable_path/Frameworks @loader_path/Frameworks";
				PRODUCT_BUNDLE_IDENTIFIER = com.riorpl.CalculatorUITests;
				PRODUCT_NAME = "$(TARGET_NAME)";
				SWIFT_VERSION = 4.0;
				TARGETED_DEVICE_FAMILY = "1,2";
				TEST_TARGET_NAME = Calculator;
			};
			name = Release;
		};
/* End XCBuildConfiguration section */

/* Begin XCConfigurationList section */
		A08264861F94EE5700F4B05D /* Build configuration list for PBXProject "Calculator" */ = {
			isa = XCConfigurationList;
			buildConfigurations = (
				A08264B11F94EE5700F4B05D /* Debug */,
				A08264B21F94EE5700F4B05D /* Release */,
			);
			defaultConfigurationIsVisible = 0;
			defaultConfigurationName = Release;
		};
		A08264B31F94EE5700F4B05D /* Build configuration list for PBXNativeTarget "Calculator" */ = {
			isa = XCConfigurationList;
			buildConfigurations = (
				A08264B41F94EE5700F4B05D /* Debug */,
				A08264B51F94EE5700F4B05D /* Release */,
			);
			defaultConfigurationIsVisible = 0;
			defaultConfigurationName = Release;
		};
		A08264B61F94EE5700F4B05D /* Build configuration list for PBXNativeTarget "CalculatorTests" */ = {
			isa = XCConfigurationList;
			buildConfigurations = (
				A08264B71F94EE5700F4B05D /* Debug */,
				A08264B81F94EE5700F4B05D /* Release */,
			);
			defaultConfigurationIsVisible = 0;
			defaultConfigurationName = Release;
		};
		A08264B91F94EE5700F4B05D /* Build configuration list for PBXNativeTarget "CalculatorUITests" */ = {
			isa = XCConfigurationList;
			buildConfigurations = (
				A08264BA1F94EE5700F4B05D /* Debug */,
				A08264BB1F94EE5700F4B05D /* Release */,
			);
			defaultConfigurationIsVisible = 0;
			defaultConfigurationName = Release;
		};
/* End XCConfigurationList section */
	};
	rootObject = A08264831F94EE5700F4B05D /* Project object */;
}
